{
  "name": "@ndiinginc/otp",
  "version": "1.0.3",
  "lockfileVersion": 2,
  "requires": true,
  "packages": {
    "": {
      "name": "@ndiinginc/otp",
      "version": "1.0.3",
      "license": "MIT",
      "dependencies": {
        "@ndiinginc/crypto": "^1.0.3",
        "@ndiinginc/fetch": "^1.0.12"
      },
      "devDependencies": {}
    },
    "node_modules/@ndiinginc/crypto": {
      "version": "1.0.3",
      "resolved": "https://registry.npmjs.org/@ndiinginc/crypto/-/crypto-1.0.3.tgz",
      "integrity": "sha512-+YGBBbLyQEACSG9epOSkIoK1paxyex3058CzACRiGscU3eV9m2pP8PyO3IoGuiU1V11iWmpTojmX8ffSLzgjxg=="
    },
    "node_modules/@ndiinginc/database": {
      "version": "1.0.7",
      "resolved": "https://registry.npmjs.org/@ndiinginc/database/-/database-1.0.7.tgz",
      "integrity": "sha512-bryMFHGXjOJ9iDECRmXp0ncKHELC9adsVEHxoZaISFLMfc0IY9n45PMrgDpq0r9oZ+K8AuJapqKemKP9aLN5bw=="
    },
    "node_modules/@ndiinginc/fetch": {
      "version": "1.0.12",
      "resolved": "https://registry.npmjs.org/@ndiinginc/fetch/-/fetch-1.0.12.tgz",
      "integrity": "sha512-VodSV5BuLGiupJqDawuQ6ag0j+PwsdLQVk0/B1sbtoNh0rI1ID0jR2A88Cy5wCc+p0Auz0EM7ci/3RTBWIlI9A==",
      "dependencies": {
        "@ndiinginc/database": "^1.0.0"
      }
    }
  },
  "dependencies": {
    "@ndiinginc/crypto": {
      "version": "1.0.3",
      "resolved": "https://registry.npmjs.org/@ndiinginc/crypto/-/crypto-1.0.3.tgz",
      "integrity": "sha512-+YGBBbLyQEACSG9epOSkIoK1paxyex3058CzACRiGscU3eV9m2pP8PyO3IoGuiU1V11iWmpTojmX8ffSLzgjxg=="
    },
    "@ndiinginc/database": {
      "version": "1.0.7",
      "resolved": "https://registry.npmjs.org/@ndiinginc/database/-/database-1.0.7.tgz",
      "integrity": "sha512-bryMFHGXjOJ9iDECRmXp0ncKHELC9adsVEHxoZaISFLMfc0IY9n45PMrgDpq0r9oZ+K8AuJapqKemKP9aLN5bw=="
    },
    "@ndiinginc/fetch": {
      "version": "1.0.12",
      "resolved": "https://registry.npmjs.org/@ndiinginc/fetch/-/fetch-1.0.12.tgz",
      "integrity": "sha512-VodSV5BuLGiupJqDawuQ6ag0j+PwsdLQVk0/B1sbtoNh0rI1ID0jR2A88Cy5wCc+p0Auz0EM7ci/3RTBWIlI9A==",
      "requires": {
        "@ndiinginc/database": "^1.0.0"
      }
    }
  }
}
