{
  "name": "@ndiing/otp",
  "version": "1.0.0",
  "lockfileVersion": 2,
  "requires": true,
  "packages": {
    "": {
      "name": "@ndiing/otp",
      "version": "1.0.0",
      "license": "MIT",
      "dependencies": {
        "@ndiing/crypto": "^2.1.0",
        "@ndiing/fetch": "^2.2.10"
      }
    },
    "node_modules/@ndiing/crypto": {
      "version": "2.1.2",
      "resolved": "https://npm.pkg.github.com/download/@ndiing/crypto/2.1.2/4c87c867a7c9ab24feef6378e0dc72da9cc7e653",
      "integrity": "sha512-0gBnv3Rytk2qNB8RFOl/OdBzNyXkOyLkIX43pXN+qrOAkCArapBDHHJtzWf65u80KLVQWXFHRrCruNSMEg5KEg==",
      "license": "MIT",
      "dependencies": {
        "base32-decode": "^1.0.0",
        "base32-encode": "^2.0.0"
      }
    },
    "node_modules/@ndiing/fetch": {
      "version": "2.2.13",
      "resolved": "https://npm.pkg.github.com/download/@ndiing/fetch/2.2.13/3b35625bbc0f035d9ec777844994e1f2b189b49c",
      "integrity": "sha512-9Ayd3QZbbw8CbfR502n2fTnUHHvE1HzcIlOlly8uLuSZXdJrY0IA/0GPFwVMAaCOOmcPqbRAIw7LxbGo+g1NsA==",
      "license": "MIT",
      "dependencies": {
        "@ndiing/storage": "^2.0.0"
      }
    },
    "node_modules/@ndiing/storage": {
      "version": "2.0.1",
      "resolved": "https://npm.pkg.github.com/download/@ndiing/storage/2.0.1/cc4e8876f43ca998d08ba6e686330a771d03ee02",
      "integrity": "sha512-MB/tH5vR4Dnrlu81MbwVO3+gcGz7me7RjXVAUn6iYIoUKlFdTAKYzHMZb3G5DkyVqD/hneN8QVlR7Zc3raHNtQ==",
      "license": "MIT"
    },
    "node_modules/base32-decode": {
      "version": "1.0.0",
      "resolved": "https://registry.npmjs.org/base32-decode/-/base32-decode-1.0.0.tgz",
      "integrity": "sha512-KNWUX/R7wKenwE/G/qFMzGScOgVntOmbE27vvc6GrniDGYb6a5+qWcuoXl8WIOQL7q0TpK7nZDm1Y04Yi3Yn5g=="
    },
    "node_modules/base32-encode": {
      "version": "2.0.0",
      "resolved": "https://registry.npmjs.org/base32-encode/-/base32-encode-2.0.0.tgz",
      "integrity": "sha512-mlmkfc2WqdDtMl/id4qm3A7RjW6jxcbAoMjdRmsPiwQP0ufD4oXItYMnPgVHe80lnAIy+1xwzhHE1s4FoIceSw==",
      "dependencies": {
        "to-data-view": "^2.0.0"
      },
      "engines": {
        "node": "^12.20.0 || ^14.13.1 || >=16.0.0"
      }
    },
    "node_modules/to-data-view": {
      "version": "2.0.0",
      "resolved": "https://registry.npmjs.org/to-data-view/-/to-data-view-2.0.0.tgz",
      "integrity": "sha512-RGEM5KqlPHr+WVTPmGNAXNeFEmsBnlkxXaIfEpUYV0AST2Z5W1EGq9L/MENFrMMmL2WQr1wjkmZy/M92eKhjYA==",
      "engines": {
        "node": "^12.20.0 || ^14.13.1 || >=16.0.0"
      }
    }
  },
  "dependencies": {
    "@ndiing/crypto": {
      "version": "2.1.2",
      "resolved": "https://npm.pkg.github.com/download/@ndiing/crypto/2.1.2/4c87c867a7c9ab24feef6378e0dc72da9cc7e653",
      "integrity": "sha512-0gBnv3Rytk2qNB8RFOl/OdBzNyXkOyLkIX43pXN+qrOAkCArapBDHHJtzWf65u80KLVQWXFHRrCruNSMEg5KEg==",
      "requires": {
        "base32-decode": "^1.0.0",
        "base32-encode": "^2.0.0"
      }
    },
    "@ndiing/fetch": {
      "version": "2.2.13",
      "resolved": "https://npm.pkg.github.com/download/@ndiing/fetch/2.2.13/3b35625bbc0f035d9ec777844994e1f2b189b49c",
      "integrity": "sha512-9Ayd3QZbbw8CbfR502n2fTnUHHvE1HzcIlOlly8uLuSZXdJrY0IA/0GPFwVMAaCOOmcPqbRAIw7LxbGo+g1NsA==",
      "requires": {
        "@ndiing/storage": "^2.0.0"
      }
    },
    "@ndiing/storage": {
      "version": "2.0.1",
      "resolved": "https://npm.pkg.github.com/download/@ndiing/storage/2.0.1/cc4e8876f43ca998d08ba6e686330a771d03ee02",
      "integrity": "sha512-MB/tH5vR4Dnrlu81MbwVO3+gcGz7me7RjXVAUn6iYIoUKlFdTAKYzHMZb3G5DkyVqD/hneN8QVlR7Zc3raHNtQ=="
    },
    "base32-decode": {
      "version": "1.0.0",
      "resolved": "https://registry.npmjs.org/base32-decode/-/base32-decode-1.0.0.tgz",
      "integrity": "sha512-KNWUX/R7wKenwE/G/qFMzGScOgVntOmbE27vvc6GrniDGYb6a5+qWcuoXl8WIOQL7q0TpK7nZDm1Y04Yi3Yn5g=="
    },
    "base32-encode": {
      "version": "2.0.0",
      "resolved": "https://registry.npmjs.org/base32-encode/-/base32-encode-2.0.0.tgz",
      "integrity": "sha512-mlmkfc2WqdDtMl/id4qm3A7RjW6jxcbAoMjdRmsPiwQP0ufD4oXItYMnPgVHe80lnAIy+1xwzhHE1s4FoIceSw==",
      "requires": {
        "to-data-view": "^2.0.0"
      }
    },
    "to-data-view": {
      "version": "2.0.0",
      "resolved": "https://registry.npmjs.org/to-data-view/-/to-data-view-2.0.0.tgz",
      "integrity": "sha512-RGEM5KqlPHr+WVTPmGNAXNeFEmsBnlkxXaIfEpUYV0AST2Z5W1EGq9L/MENFrMMmL2WQr1wjkmZy/M92eKhjYA=="
    }
  }
}
