{
  "name": "@ndiinginc/otp",
  "version": "1.0.3",
  "lockfileVersion": 2,
  "requires": true,
  "packages": {
    "": {
      "name": "@ndiinginc/otp",
      "version": "1.0.3",
      "license": "MIT",
      "dependencies": {
        "@ndiinginc/crypto": "^1.0.0",
        "@ndiinginc/fetch": "^1.0.0"
      },
      "devDependencies": {}
    },
    "node_modules/@ndiinginc/crypto": {
      "version": "1.0.2",
      "resolved": "https://registry.npmjs.org/@ndiinginc/crypto/-/crypto-1.0.2.tgz",
      "integrity": "sha512-djaYW6tbRQQ8qFY7TIb6tAePbaVLtFI+9t9pOhr6yUFIrA76E2o/c/r/XFFGa7dUaUrVL6iJZnw0RxrxobYsPQ=="
    },
    "node_modules/@ndiinginc/database": {
      "version": "1.0.6",
      "resolved": "https://registry.npmjs.org/@ndiinginc/database/-/database-1.0.6.tgz",
      "integrity": "sha512-Uy4BdrnTB4c3AvFkov60CpOL+r75qcYDfkCKk9Zn5Hr8iXa7KRqct9rQ7M2QSwZgOedODGajzXembl5yZpQG3w=="
    },
    "node_modules/@ndiinginc/fetch": {
      "version": "1.0.11",
      "resolved": "https://registry.npmjs.org/@ndiinginc/fetch/-/fetch-1.0.11.tgz",
      "integrity": "sha512-eXBo9IBHnpBc0EN8f9UtHgpDvztw7Koj8MXItOxHQWHHS2RTYBzVaddJTvzDDmtWLLhooWQ+Crv4TeKgwMVsVg==",
      "dependencies": {
        "@ndiinginc/database": "^1.0.0"
      }
    }
  },
  "dependencies": {
    "@ndiinginc/crypto": {
      "version": "1.0.2",
      "resolved": "https://registry.npmjs.org/@ndiinginc/crypto/-/crypto-1.0.2.tgz",
      "integrity": "sha512-djaYW6tbRQQ8qFY7TIb6tAePbaVLtFI+9t9pOhr6yUFIrA76E2o/c/r/XFFGa7dUaUrVL6iJZnw0RxrxobYsPQ=="
    },
    "@ndiinginc/database": {
      "version": "1.0.6",
      "resolved": "https://registry.npmjs.org/@ndiinginc/database/-/database-1.0.6.tgz",
      "integrity": "sha512-Uy4BdrnTB4c3AvFkov60CpOL+r75qcYDfkCKk9Zn5Hr8iXa7KRqct9rQ7M2QSwZgOedODGajzXembl5yZpQG3w=="
    },
    "@ndiinginc/fetch": {
      "version": "1.0.11",
      "resolved": "https://registry.npmjs.org/@ndiinginc/fetch/-/fetch-1.0.11.tgz",
      "integrity": "sha512-eXBo9IBHnpBc0EN8f9UtHgpDvztw7Koj8MXItOxHQWHHS2RTYBzVaddJTvzDDmtWLLhooWQ+Crv4TeKgwMVsVg==",
      "requires": {
        "@ndiinginc/database": "^1.0.0"
      }
    }
  }
}
